
Microsoft Visual Studio Solution File, Format Version 12.00
# Visual Studio Version 16
VisualStudioVersion = 16.0.30804.86
MinimumVisualStudioVersion = 10.0.40219.1
Project("{FAE04EC0-301F-11D3-BF4B-00C04F79EFBC}") = "ATSAPI", "ATSAPI.csproj", "{36FD064D-EA61-47BC-B6CA-BEF46536F0BC}"
EndProject
Global
	GlobalSection(SolutionConfigurationPlatforms) = preSolution
		Debug|Any CPU = Debug|Any CPU
		Release|Any CPU = Release|Any CPU
	EndGlobalSection
	GlobalSection(ProjectConfigurationPlatforms) = postSolution
		{36FD064D-EA61-47BC-B6CA-BEF46536F0BC}.Debug|Any CPU.ActiveCfg = Debug|Any CPU
		{36FD064D-EA61-47BC-B6CA-BEF46536F0BC}.Debug|Any CPU.Build.0 = Debug|Any CPU
		{36FD064D-EA61-47BC-B6CA-BEF46536F0BC}.Release|Any CPU.ActiveCfg = Release|Any CPU
		{36FD064D-EA61-47BC-B6CA-BEF46536F0BC}.Release|Any CPU.Build.0 = Release|Any CPU
	EndGlobalSection
	GlobalSection(SolutionProperties) = preSolution
		HideSolutionNode = FALSE
	EndGlobalSection
	GlobalSection(ExtensibilityGlobals) = postSolution
		SolutionGuid = {247B7D41-747E-47E6-B60F-1EFDF61EBB3E}
	EndGlobalSection
EndGlobal
